
Microsoft Visual Studio Solution File, Format Version 12.00
# Visual Studio Version 17
VisualStudioVersion = 17.8.34330.188
MinimumVisualStudioVersion = 10.0.40219.1
Project("{9A19103F-16F7-4668-BE54-9A1E7A4F7556}") = "ClientInfo", "ClientInfo\ClientInfo.csproj", "{541DC8B0-F79F-4FF3-A0D1-2D73FDB791C3}"
EndProject
Global
	GlobalSection(SolutionConfigurationPlatforms) = preSolution
		Debug|Any CPU = Debug|Any CPU
		Release|Any CPU = Release|Any CPU
	EndGlobalSection
	GlobalSection(ProjectConfigurationPlatforms) = postSolution
		{541DC8B0-F79F-4FF3-A0D1-2D73FDB791C3}.Debug|Any CPU.ActiveCfg = Debug|Any CPU
		{541DC8B0-F79F-4FF3-A0D1-2D73FDB791C3}.Debug|Any CPU.Build.0 = Debug|Any CPU
		{541DC8B0-F79F-4FF3-A0D1-2D73FDB791C3}.Release|Any CPU.ActiveCfg = Release|Any CPU
		{541DC8B0-F79F-4FF3-A0D1-2D73FDB791C3}.Release|Any CPU.Build.0 = Release|Any CPU
	EndGlobalSection
	GlobalSection(SolutionProperties) = preSolution
		HideSolutionNode = FALSE
	EndGlobalSection
	GlobalSection(ExtensibilityGlobals) = postSolution
		SolutionGuid = {59213E8A-B302-40B2-9C2F-D8B4DE16A89D}
	EndGlobalSection
EndGlobal
